// !$*UTF8*$!
{
	archiveVersion = 1;
	classes = {
	};
	objectVersion = 50;
	objects = {

/* Begin PBXBuildFile section */
		C64841D8CB02299BB025DDBB /* Pods_BitcoinCounter2_0.framework in Frameworks */ = {isa = PBXBuildFile; fileRef = B56E7443E76A31111332DA85 /* Pods_BitcoinCounter2_0.framework */; };
		D77277DE20CCB6DF00EC11F8 /* AppDelegate.swift in Sources */ = {isa = PBXBuildFile; fileRef = D77277DD20CCB6DF00EC11F8 /* AppDelegate.swift */; };
		D77277E020CCB6DF00EC11F8 /* ViewController.swift in Sources */ = {isa = PBXBuildFile; fileRef = D77277DF20CCB6DF00EC11F8 /* ViewController.swift */; };
		D77277E320CCB6DF00EC11F8 /* Main.storyboard in Resources */ = {isa = PBXBuildFile; fileRef = D77277E120CCB6DF00EC11F8 /* Main.storyboard */; };
		D77277E520CCB6E100EC11F8 /* Assets.xcassets in Resources */ = {isa = PBXBuildFile; fileRef = D77277E420CCB6E100EC11F8 /* Assets.xcassets */; };
		D77277E820CCB6E100EC11F8 /* LaunchScreen.storyboard in Resources */ = {isa = PBXBuildFile; fileRef = D77277E620CCB6E100EC11F8 /* LaunchScreen.storyboard */; };
		D79C347F20CCBE47006C7D38 /* coinDataModel.swift in Sources */ = {isa = PBXBuildFile; fileRef = D79C347E20CCBE47006C7D38 /* coinDataModel.swift */; };
/* End PBXBuildFile section */

/* Begin PBXFileReference section */
		7992C00821309702435E7C96 /* Pods-BitcoinCounter2.0.release.xcconfig */ = {isa = PBXFileReference; includeInIndex = 1; lastKnownFileType = text.xcconfig; name = "Pods-BitcoinCounter2.0.release.xcconfig"; path = "Pods/Target Support Files/Pods-BitcoinCounter2.0/Pods-BitcoinCounter2.0.release.xcconfig"; sourceTree = "<group>"; };
		B56E7443E76A31111332DA85 /* Pods_BitcoinCounter2_0.framework */ = {isa = PBXFileReference; explicitFileType = wrapper.framework; includeInIndex = 0; path = Pods_BitcoinCounter2_0.framework; sourceTree = BUILT_PRODUCTS_DIR; };
		CF82E21DF5212D90E633ADBA /* Pods-BitcoinCounter2.0.debug.xcconfig */ = {isa = PBXFileReference; includeInIndex = 1; lastKnownFileType = text.xcconfig; name = "Pods-BitcoinCounter2.0.debug.xcconfig"; path = "Pods/Target Support Files/Pods-BitcoinCounter2.0/Pods-BitcoinCounter2.0.debug.xcconfig"; sourceTree = "<group>"; };
		D76D1D9520CD9F69001423EE /* BitcoinCounter2.0.app */ = {isa = PBXFileReference; explicitFileType = wrapper.application; includeInIndex = 0; path = BitcoinCounter2.0.app; sourceTree = BUILT_PRODUCTS_DIR; };
		D77277DD20CCB6DF00EC11F8 /* AppDelegate.swift */ = {isa = PBXFileReference; lastKnownFileType = sourcecode.swift; path = AppDelegate.swift; sourceTree = "<group>"; };
		D77277DF20CCB6DF00EC11F8 /* ViewController.swift */ = {isa = PBXFileReference; lastKnownFileType = sourcecode.swift; path = ViewController.swift; sourceTree = "<group>"; };
		D77277E220CCB6DF00EC11F8 /* Base */ = {isa = PBXFileReference; lastKnownFileType = file.storyboard; name = Base; path = Base.lproj/Main.storyboard; sourceTree = "<group>"; };
		D77277E420CCB6E100EC11F8 /* Assets.xcassets */ = {isa = PBXFileReference; lastKnownFileType = folder.assetcatalog; path = Assets.xcassets; sourceTree = "<group>"; };
		D77277E720CCB6E100EC11F8 /* Base */ = {isa = PBXFileReference; lastKnownFileType = file.storyboard; name = Base; path = Base.lproj/LaunchScreen.storyboard; sourceTree = "<group>"; };
		D77277E920CCB6E100EC11F8 /* Info.plist */ = {isa = PBXFileReference; lastKnownFileType = text.plist.xml; path = Info.plist; sourceTree = "<group>"; };
		D79C347E20CCBE47006C7D38 /* coinDataModel.swift */ = {isa = PBXFileReference; lastKnownFileType = sourcecode.swift; path = coinDataModel.swift; sourceTree = "<group>"; };
/* End PBXFileReference section */

/* Begin PBXFrameworksBuildPhase section */
		D77277D720CCB6DF00EC11F8 /* Frameworks */ = {
			isa = PBXFrameworksBuildPhase;
			buildActionMask = 2147483647;
			files = (
				C64841D8CB02299BB025DDBB /* Pods_BitcoinCounter2_0.framework in Frameworks */,
			);
			runOnlyForDeploymentPostprocessing = 0;
		};
/* End PBXFrameworksBuildPhase section */

/* Begin PBXGroup section */
		33BE75AB2F0BD04C2A1566EF /* Frameworks */ = {
			isa = PBXGroup;
			children = (
				B56E7443E76A31111332DA85 /* Pods_BitcoinCounter2_0.framework */,
			);
			name = Frameworks;
			sourceTree = "<group>";
		};
		B5188A2D7CBC3C7CC98AF6B0 /* Pods */ = {
			isa = PBXGroup;
			children = (
				CF82E21DF5212D90E633ADBA /* Pods-BitcoinCounter2.0.debug.xcconfig */,
				7992C00821309702435E7C96 /* Pods-BitcoinCounter2.0.release.xcconfig */,
			);
			name = Pods;
			sourceTree = "<group>";
		};
		D77277D120CCB6DF00EC11F8 = {
			isa = PBXGroup;
			children = (
				D77277DC20CCB6DF00EC11F8 /* BitcoinCounter2.0 */,
				B5188A2D7CBC3C7CC98AF6B0 /* Pods */,
				33BE75AB2F0BD04C2A1566EF /* Frameworks */,
				D76D1D9520CD9F69001423EE /* BitcoinCounter2.0.app */,
			);
			sourceTree = "<group>";
		};
		D77277DC20CCB6DF00EC11F8 /* BitcoinCounter2.0 */ = {
			isa = PBXGroup;
			children = (
				D79C347D20CCBDDB006C7D38 /* controller */,
				D79C347C20CCBDD4006C7D38 /* view */,
				D79C347B20CCBDC8006C7D38 /* model */,
				D77277DD20CCB6DF00EC11F8 /* AppDelegate.swift */,
				D77277E420CCB6E100EC11F8 /* Assets.xcassets */,
				D77277E920CCB6E100EC11F8 /* Info.plist */,
			);
			path = BitcoinCounter2.0;
			sourceTree = "<group>";
		};
		D79C347B20CCBDC8006C7D38 /* model */ = {
			isa = PBXGroup;
			children = (
				D79C347E20CCBE47006C7D38 /* coinDataModel.swift */,
			);
			path = model;
			sourceTree = "<group>";
		};
		D79C347C20CCBDD4006C7D38 /* view */ = {
			isa = PBXGroup;
			children = (
				D77277E120CCB6DF00EC11F8 /* Main.storyboard */,
				D77277E620CCB6E100EC11F8 /* LaunchScreen.storyboard */,
			);
			path = view;
			sourceTree = "<group>";
		};
		D79C347D20CCBDDB006C7D38 /* controller */ = {
			isa = PBXGroup;
			children = (
				D77277DF20CCB6DF00EC11F8 /* ViewController.swift */,
			);
			path = controller;
			sourceTree = "<group>";
		};
/* End PBXGroup section */

/* Begin PBXNativeTarget section */
		D77277D920CCB6DF00EC11F8 /* BitcoinCounter2.0 */ = {
			isa = PBXNativeTarget;
			buildConfigurationList = D77277EC20CCB6E100EC11F8 /* Build configuration list for PBXNativeTarget "BitcoinCounter2.0" */;
			buildPhases = (
				7F2E00AC8160EAB4FB32AFFE /* [CP] Check Pods Manifest.lock */,
				D77277D620CCB6DF00EC11F8 /* Sources */,
				D77277D720CCB6DF00EC11F8 /* Frameworks */,
				D77277D820CCB6DF00EC11F8 /* Resources */,
				27C78E2EFD89B5F61EA5CCB4 /* [CP] Embed Pods Frameworks */,
				9E9C6729150B5687C5FA5C14 /* [CP] Copy Pods Resources */,
			);
			buildRules = (
			);
			dependencies = (
			);
			name = BitcoinCounter2.0;
			productName = BitcoinCounter2.0;
			productReference = D76D1D9520CD9F69001423EE /* BitcoinCounter2.0.app */;
			productType = "com.apple.product-type.application";
		};
/* End PBXNativeTarget section */

/* Begin PBXProject section */
		D77277D220CCB6DF00EC11F8 /* Project object */ = {
			isa = PBXProject;
			attributes = {
				LastSwiftUpdateCheck = 0940;
				LastUpgradeCheck = 0940;
				ORGANIZATIONNAME = "Cristian villanueva";
				TargetAttributes = {
					D77277D920CCB6DF00EC11F8 = {
						CreatedOnToolsVersion = 9.4;
						LastSwiftMigration = 1000;
					};
				};
			};
			buildConfigurationList = D77277D520CCB6DF00EC11F8 /* Build configuration list for PBXProject "BitcoinCounter2.0" */;
			compatibilityVersion = "Xcode 9.3";
			developmentRegion = en;
			hasScannedForEncodings = 0;
			knownRegions = (
				en,
				Base,
			);
			mainGroup = D77277D120CCB6DF00EC11F8;
			productRefGroup = D77277D120CCB6DF00EC11F8;
			projectDirPath = "";
			projectRoot = "";
			targets = (
				D77277D920CCB6DF00EC11F8 /* BitcoinCounter2.0 */,
			);
		};
/* End PBXProject section */

/* Begin PBXResourcesBuildPhase section */
		D77277D820CCB6DF00EC11F8 /* Resources */ = {
			isa = PBXResourcesBuildPhase;
			buildActionMask = 2147483647;
			files = (
				D77277E820CCB6E100EC11F8 /* LaunchScreen.storyboard in Resources */,
				D77277E520CCB6E100EC11F8 /* Assets.xcassets in Resources */,
				D77277E320CCB6DF00EC11F8 /* Main.storyboard in Resources */,
			);
			runOnlyForDeploymentPostprocessing = 0;
		};
/* End PBXResourcesBuildPhase section */

/* Begin PBXShellScriptBuildPhase section */
		27C78E2EFD89B5F61EA5CCB4 /* [CP] Embed Pods Frameworks */ = {
			isa = PBXShellScriptBuildPhase;
			buildActionMask = 2147483647;
			files = (
			);
			inputPaths = (
				"${SRCROOT}/Pods/Target Support Files/Pods-BitcoinCounter2.0/Pods-BitcoinCounter2.0-frameworks.sh",
				"${BUILT_PRODUCTS_DIR}/Alamofire/Alamofire.framework",
				"${BUILT_PRODUCTS_DIR}/SwiftyJSON/SwiftyJSON.framework",
			);
			name = "[CP] Embed Pods Frameworks";
			outputPaths = (
				"${TARGET_BUILD_DIR}/${FRAMEWORKS_FOLDER_PATH}/Alamofire.framework",
				"${TARGET_BUILD_DIR}/${FRAMEWORKS_FOLDER_PATH}/SwiftyJSON.framework",
			);
			runOnlyForDeploymentPostprocessing = 0;
			shellPath = /bin/sh;
			shellScript = "\"${SRCROOT}/Pods/Target Support Files/Pods-BitcoinCounter2.0/Pods-BitcoinCounter2.0-frameworks.sh\"\n";
			showEnvVarsInLog = 0;
		};
		7F2E00AC8160EAB4FB32AFFE /* [CP] Check Pods Manifest.lock */ = {
			isa = PBXShellScriptBuildPhase;
			buildActionMask = 2147483647;
			files = (
			);
			inputPaths = (
				"${PODS_PODFILE_DIR_PATH}/Podfile.lock",
				"${PODS_ROOT}/Manifest.lock",
			);
			name = "[CP] Check Pods Manifest.lock";
			outputPaths = (
				"$(DERIVED_FILE_DIR)/Pods-BitcoinCounter2.0-checkManifestLockResult.txt",
			);
			runOnlyForDeploymentPostprocessing = 0;
			shellPath = /bin/sh;
			shellScript = "diff \"${PODS_PODFILE_DIR_PATH}/Podfile.lock\" \"${PODS_ROOT}/Manifest.lock\" > /dev/null\nif [ $? != 0 ] ; then\n    # print error to STDERR\n    echo \"error: The sandbox is not in sync with the Podfile.lock. Run 'pod install' or update your CocoaPods installation.\" >&2\n    exit 1\nfi\n# This output is used by Xcode 'outputs' to avoid re-running this script phase.\necho \"SUCCESS\" > \"${SCRIPT_OUTPUT_FILE_0}\"\n";
			showEnvVarsInLog = 0;
		};
		9E9C6729150B5687C5FA5C14 /* [CP] Copy Pods Resources */ = {
			isa = PBXShellScriptBuildPhase;
			buildActionMask = 2147483647;
			files = (
			);
			inputPaths = (
			);
			name = "[CP] Copy Pods Resources";
			outputPaths = (
			);
			runOnlyForDeploymentPostprocessing = 0;
			shellPath = /bin/sh;
			shellScript = "\"${SRCROOT}/Pods/Target Support Files/Pods-BitcoinCounter2.0/Pods-BitcoinCounter2.0-resources.sh\"\n";
			showEnvVarsInLog = 0;
		};
/* End PBXShellScriptBuildPhase section */

/* Begin PBXSourcesBuildPhase section */
		D77277D620CCB6DF00EC11F8 /* Sources */ = {
			isa = PBXSourcesBuildPhase;
			buildActionMask = 2147483647;
			files = (
				D79C347F20CCBE47006C7D38 /* coinDataModel.swift in Sources */,
				D77277E020CCB6DF00EC11F8 /* ViewController.swift in Sources */,
				D77277DE20CCB6DF00EC11F8 /* AppDelegate.swift in Sources */,
			);
			runOnlyForDeploymentPostprocessing = 0;
		};
/* End PBXSourcesBuildPhase section */

/* Begin PBXVariantGroup section */
		D77277E120CCB6DF00EC11F8 /* Main.storyboard */ = {
			isa = PBXVariantGroup;
			children = (
				D77277E220CCB6DF00EC11F8 /* Base */,
			);
			name = Main.storyboard;
			sourceTree = "<group>";
		};
		D77277E620CCB6E100EC11F8 /* LaunchScreen.storyboard */ = {
			isa = PBXVariantGroup;
			children = (
				D77277E720CCB6E100EC11F8 /* Base */,
			);
			name = LaunchScreen.storyboard;
			sourceTree = "<group>";
		};
/* End PBXVariantGroup section */

/* Begin XCBuildConfiguration section */
		D77277EA20CCB6E100EC11F8 /* Debug */ = {
			isa = XCBuildConfiguration;
			buildSettings = {
				ALWAYS_SEARCH_USER_PATHS = NO;
				CLANG_ANALYZER_NONNULL = YES;
				CLANG_ANALYZER_NUMBER_OBJECT_CONVERSION = YES_AGGRESSIVE;
				CLANG_CXX_LANGUAGE_STANDARD = "gnu++14";
				CLANG_CXX_LIBRARY = "libc++";
				CLANG_ENABLE_MODULES = YES;
				CLANG_ENABLE_OBJC_ARC = YES;
				CLANG_ENABLE_OBJC_WEAK = YES;
				CLANG_WARN_BLOCK_CAPTURE_AUTORELEASING = YES;
				CLANG_WARN_BOOL_CONVERSION = YES;
				CLANG_WARN_COMMA = YES;
				CLANG_WARN_CONSTANT_CONVERSION = YES;
				CLANG_WARN_DEPRECATED_OBJC_IMPLEMENTATIONS = YES;
				CLANG_WARN_DIRECT_OBJC_ISA_USAGE = YES_ERROR;
				CLANG_WARN_DOCUMENTATION_COMMENTS = YES;
				CLANG_WARN_EMPTY_BODY = YES;
				CLANG_WARN_ENUM_CONVERSION = YES;
				CLANG_WARN_INFINITE_RECURSION = YES;
				CLANG_WARN_INT_CONVERSION = YES;
				CLANG_WARN_NON_LITERAL_NULL_CONVERSION = YES;
				CLANG_WARN_OBJC_IMPLICIT_RETAIN_SELF = YES;
				CLANG_WARN_OBJC_LITERAL_CONVERSION = YES;
				CLANG_WARN_OBJC_ROOT_CLASS = YES_ERROR;
				CLANG_WARN_RANGE_LOOP_ANALYSIS = YES;
				CLANG_WARN_STRICT_PROTOTYPES = YES;
				CLANG_WARN_SUSPICIOUS_MOVE = YES;
				CLANG_WARN_UNGUARDED_AVAILABILITY = YES_AGGRESSIVE;
				CLANG_WARN_UNREACHABLE_CODE = YES;
				CLANG_WARN__DUPLICATE_METHOD_MATCH = YES;
				CODE_SIGN_IDENTITY = "iPhone Developer";
				COPY_PHASE_STRIP = NO;
				DEBUG_INFORMATION_FORMAT = dwarf;
				ENABLE_STRICT_OBJC_MSGSEND = YES;
				ENABLE_TESTABILITY = YES;
				GCC_C_LANGUAGE_STANDARD = gnu11;
				GCC_DYNAMIC_NO_PIC = NO;
				GCC_NO_COMMON_BLOCKS = YES;
				GCC_OPTIMIZATION_LEVEL = 0;
				GCC_PREPROCESSOR_DEFINITIONS = (
					"DEBUG=1",
					"$(inherited)",
				);
				GCC_WARN_64_TO_32_BIT_CONVERSION = YES;
				GCC_WARN_ABOUT_RETURN_TYPE = YES_ERROR;
				GCC_WARN_UNDECLARED_SELECTOR = YES;
				GCC_WARN_UNINITIALIZED_AUTOS = YES_AGGRESSIVE;
				GCC_WARN_UNUSED_FUNCTION = YES;
				GCC_WARN_UNUSED_VARIABLE = YES;
				IPHONEOS_DEPLOYMENT_TARGET = 11.4;
				MTL_ENABLE_DEBUG_INFO = YES;
				ONLY_ACTIVE_ARCH = YES;
				SDKROOT = iphoneos;
				SWIFT_ACTIVE_COMPILATION_CONDITIONS = DEBUG;
				SWIFT_OPTIMIZATION_LEVEL = "-Onone";
			};
			name = Debug;
		};
		D77277EB20CCB6E100EC11F8 /* Release */ = {
			isa = XCBuildConfiguration;
			buildSettings = {
				ALWAYS_SEARCH_USER_PATHS = NO;
				CLANG_ANALYZER_NONNULL = YES;
				CLANG_ANALYZER_NUMBER_OBJECT_CONVERSION = YES_AGGRESSIVE;
				CLANG_CXX_LANGUAGE_STANDARD = "gnu++14";
				CLANG_CXX_LIBRARY = "libc++";
				CLANG_ENABLE_MODULES = YES;
				CLANG_ENABLE_OBJC_ARC = YES;
				CLANG_ENABLE_OBJC_WEAK = YES;
				CLANG_WARN_BLOCK_CAPTURE_AUTORELEASING = YES;
				CLANG_WARN_BOOL_CONVERSION = YES;
				CLANG_WARN_COMMA = YES;
				CLANG_WARN_CONSTANT_CONVERSION = YES;
				CLANG_WARN_DEPRECATED_OBJC_IMPLEMENTATIONS = YES;
				CLANG_WARN_DIRECT_OBJC_ISA_USAGE = YES_ERROR;
				CLANG_WARN_DOCUMENTATION_COMMENTS = YES;
				CLANG_WARN_EMPTY_BODY = YES;
				CLANG_WARN_ENUM_CONVERSION = YES;
				CLANG_WARN_INFINITE_RECURSION = YES;
				CLANG_WARN_INT_CONVERSION = YES;
				CLANG_WARN_NON_LITERAL_NULL_CONVERSION = YES;
				CLANG_WARN_OBJC_IMPLICIT_RETAIN_SELF = YES;
				CLANG_WARN_OBJC_LITERAL_CONVERSION = YES;
				CLANG_WARN_OBJC_ROOT_CLASS = YES_ERROR;
				CLANG_WARN_RANGE_LOOP_ANALYSIS = YES;
				CLANG_WARN_STRICT_PROTOTYPES = YES;
				CLANG_WARN_SUSPICIOUS_MOVE = YES;
				CLANG_WARN_UNGUARDED_AVAILABILITY = YES_AGGRESSIVE;
				CLANG_WARN_UNREACHABLE_CODE = YES;
				CLANG_WARN__DUPLICATE_METHOD_MATCH = YES;
				CODE_SIGN_IDENTITY = "iPhone Developer";
				COPY_PHASE_STRIP = NO;
				DEBUG_INFORMATION_FORMAT = "dwarf-with-dsym";
				ENABLE_NS_ASSERTIONS = NO;
				ENABLE_STRICT_OBJC_MSGSEND = YES;
				GCC_C_LANGUAGE_STANDARD = gnu11;
				GCC_NO_COMMON_BLOCKS = YES;
				GCC_WARN_64_TO_32_BIT_CONVERSION = YES;
				GCC_WARN_ABOUT_RETURN_TYPE = YES_ERROR;
				GCC_WARN_UNDECLARED_SELECTOR = YES;
				GCC_WARN_UNINITIALIZED_AUTOS = YES_AGGRESSIVE;
				GCC_WARN_UNUSED_FUNCTION = YES;
				GCC_WARN_UNUSED_VARIABLE = YES;
				IPHONEOS_DEPLOYMENT_TARGET = 11.4;
				MTL_ENABLE_DEBUG_INFO = NO;
				SDKROOT = iphoneos;
				SWIFT_COMPILATION_MODE = wholemodule;
				SWIFT_OPTIMIZATION_LEVEL = "-O";
				VALIDATE_PRODUCT = YES;
			};
			name = Release;
		};
		D77277ED20CCB6E100EC11F8 /* Debug */ = {
			isa = XCBuildConfiguration;
			baseConfigurationReference = CF82E21DF5212D90E633ADBA /* Pods-BitcoinCounter2.0.debug.xcconfig */;
			buildSettings = {
				ASSETCATALOG_COMPILER_APPICON_NAME = AppIcon;
				CODE_SIGN_STYLE = Automatic;
				DEVELOPMENT_TEAM = 3SH8QRY234;
				INFOPLIST_FILE = BitcoinCounter2.0/Info.plist;
				LD_RUNPATH_SEARCH_PATHS = (
					"$(inherited)",
					"@executable_path/Frameworks",
				);
				PRODUCT_BUNDLE_IDENTIFIER = "com.cristianvillanueva.BitcoinCounter2-0";
				PRODUCT_NAME = "$(TARGET_NAME)";
				SWIFT_VERSION = 4.2;
				TARGETED_DEVICE_FAMILY = 1;
			};
			name = Debug;
		};
		D77277EE20CCB6E100EC11F8 /* Release */ = {
			isa = XCBuildConfiguration;
			baseConfigurationReference = 7992C00821309702435E7C96 /* Pods-BitcoinCounter2.0.release.xcconfig */;
			buildSettings = {
				ASSETCATALOG_COMPILER_APPICON_NAME = AppIcon;
				CODE_SIGN_STYLE = Automatic;
				DEVELOPMENT_TEAM = 3SH8QRY234;
				INFOPLIST_FILE = BitcoinCounter2.0/Info.plist;
				LD_RUNPATH_SEARCH_PATHS = (
					"$(inherited)",
					"@executable_path/Frameworks",
				);
				PRODUCT_BUNDLE_IDENTIFIER = "com.cristianvillanueva.BitcoinCounter2-0";
				PRODUCT_NAME = "$(TARGET_NAME)";
				SWIFT_VERSION = 4.2;
				TARGETED_DEVICE_FAMILY = 1;
			};
			name = Release;
		};
/* End XCBuildConfiguration section */

/* Begin XCConfigurationList section */
		D77277D520CCB6DF00EC11F8 /* Build configuration list for PBXProject "BitcoinCounter2.0" */ = {
			isa = XCConfigurationList;
			buildConfigurations = (
				D77277EA20CCB6E100EC11F8 /* Debug */,
				D77277EB20CCB6E100EC11F8 /* Release */,
			);
			defaultConfigurationIsVisible = 0;
			defaultConfigurationName = Release;
		};
		D77277EC20CCB6E100EC11F8 /* Build configuration list for PBXNativeTarget "BitcoinCounter2.0" */ = {
			isa = XCConfigurationList;
			buildConfigurations = (
				D77277ED20CCB6E100EC11F8 /* Debug */,
				D77277EE20CCB6E100EC11F8 /* Release */,
			);
			defaultConfigurationIsVisible = 0;
			defaultConfigurationName = Release;
		};
/* End XCConfigurationList section */
	};
	rootObject = D77277D220CCB6DF00EC11F8 /* Project object */;
}
